
Microsoft Visual Studio Solution File, Format Version 12.00
# Visual Studio Version 17
VisualStudioVersion = 17.2.32505.173
MinimumVisualStudioVersion = 10.0.40219.1
Project("{FAE04EC0-301F-11D3-BF4B-00C04F79EFBC}") = "Mang2C", "Mang2C\Mang2C.csproj", "{F9232800-D57A-44FB-84A3-152462ACF465}"
EndProject
Global
	GlobalSection(SolutionConfigurationPlatforms) = preSolution
		Debug|Any CPU = Debug|Any CPU
		Release|Any CPU = Release|Any CPU
	EndGlobalSection
	GlobalSection(ProjectConfigurationPlatforms) = postSolution
		{F9232800-D57A-44FB-84A3-152462ACF465}.Debug|Any CPU.ActiveCfg = Debug|Any CPU
		{F9232800-D57A-44FB-84A3-152462ACF465}.Debug|Any CPU.Build.0 = Debug|Any CPU
		{F9232800-D57A-44FB-84A3-152462ACF465}.Release|Any CPU.ActiveCfg = Release|Any CPU
		{F9232800-D57A-44FB-84A3-152462ACF465}.Release|Any CPU.Build.0 = Release|Any CPU
	EndGlobalSection
	GlobalSection(SolutionProperties) = preSolution
		HideSolutionNode = FALSE
	EndGlobalSection
	GlobalSection(ExtensibilityGlobals) = postSolution
		SolutionGuid = {38BF8B1B-7C56-4866-B125-6CED9EF8590A}
	EndGlobalSection
EndGlobal
